
Microsoft Visual Studio Solution File, Format Version 12.00
Project("{FAE04EC0-301F-11D3-BF4B-00C04F79EFBC}") = "Artemis.GameFinder", "Artemis.GameFinder\Artemis.GameFinder.csproj", "{5C9FA194-9BE8-497A-85EB-12CFCE6C7A95}"
EndProject
Global
	GlobalSection(SolutionConfigurationPlatforms) = preSolution
		Debug|Any CPU = Debug|Any CPU
		Release|Any CPU = Release|Any CPU
	EndGlobalSection
	GlobalSection(ProjectConfigurationPlatforms) = postSolution
		{5C9FA194-9BE8-497A-85EB-12CFCE6C7A95}.Debug|Any CPU.ActiveCfg = Debug|Any CPU
		{5C9FA194-9BE8-497A-85EB-12CFCE6C7A95}.Debug|Any CPU.Build.0 = Debug|Any CPU
		{5C9FA194-9BE8-497A-85EB-12CFCE6C7A95}.Release|Any CPU.ActiveCfg = Release|Any CPU
		{5C9FA194-9BE8-497A-85EB-12CFCE6C7A95}.Release|Any CPU.Build.0 = Release|Any CPU
	EndGlobalSection
EndGlobal
